
Microsoft Visual Studio Solution File, Format Version 12.00
# Visual Studio Version 16
VisualStudioVersion = 16.0.32126.315
MinimumVisualStudioVersion = 10.0.40219.1
Project("{8BC9CEB8-8B4A-11D0-8D11-00A0C91BC942}") = "Main", "Main\Main.vcxproj", "{86C6C813-FC10-41E1-8789-1D4531B5DB7B}"
EndProject
Project("{8BC9CEB8-8B4A-11D0-8D11-00A0C91BC942}") = "ECS", "..\..\Motor\Skeleton\projects\ECS\ECS.vcxproj", "{D0E7FF3A-6667-480A-A1DF-C5F898597CDA}"
EndProject
Project("{8BC9CEB8-8B4A-11D0-8D11-00A0C91BC942}") = "Game", "Game\Game.vcxproj", "{75740C85-0DF3-44B1-AC2B-D6F1FDEFA337}"
EndProject
Project("{8BC9CEB8-8B4A-11D0-8D11-00A0C91BC942}") = "Utilities", "..\..\Motor\Skeleton\projects\Utilities\Utilities.vcxproj", "{17C98F4B-91BE-4D6C-8EA1-7037992A19B3}"
EndProject
Project("{8BC9CEB8-8B4A-11D0-8D11-00A0C91BC942}") = "SoundProject", "..\..\Motor\Skeleton\projects\SoundProject\SoundProject.vcxproj", "{1AFB29FF-A508-4251-8A1C-21107615C230}"
EndProject
Project("{8BC9CEB8-8B4A-11D0-8D11-00A0C91BC942}") = "LuaBridge", "..\..\Motor\Skeleton\projects\LuaBridge\LuaBridge.vcxproj", "{FCD5CADD-0170-4AEB-999B-A5D42D99BB08}"
EndProject
Project("{8BC9CEB8-8B4A-11D0-8D11-00A0C91BC942}") = "BulletPhysics", "..\..\Motor\Skeleton\projects\BulletPhysics\BulletPhysics.vcxproj", "{246877CB-9F09-4048-BCBD-E94C03A4CA4D}"
EndProject
Project("{8BC9CEB8-8B4A-11D0-8D11-00A0C91BC942}") = "OGRE", "..\..\Motor\Skeleton\projects\OGRE\OGRE.vcxproj", "{57663220-5E15-4009-92E8-65F60806A5A9}"
EndProject
Global
	GlobalSection(SolutionConfigurationPlatforms) = preSolution
		Debug|x64 = Debug|x64
		Release|x64 = Release|x64
	EndGlobalSection
	GlobalSection(ProjectConfigurationPlatforms) = postSolution
		{86C6C813-FC10-41E1-8789-1D4531B5DB7B}.Debug|x64.ActiveCfg = Debug|x64
		{86C6C813-FC10-41E1-8789-1D4531B5DB7B}.Debug|x64.Build.0 = Debug|x64
		{86C6C813-FC10-41E1-8789-1D4531B5DB7B}.Release|x64.ActiveCfg = Release|x64
		{86C6C813-FC10-41E1-8789-1D4531B5DB7B}.Release|x64.Build.0 = Release|x64
		{D0E7FF3A-6667-480A-A1DF-C5F898597CDA}.Debug|x64.ActiveCfg = Debug|x64
		{D0E7FF3A-6667-480A-A1DF-C5F898597CDA}.Debug|x64.Build.0 = Debug|x64
		{D0E7FF3A-6667-480A-A1DF-C5F898597CDA}.Release|x64.ActiveCfg = Release|x64
		{D0E7FF3A-6667-480A-A1DF-C5F898597CDA}.Release|x64.Build.0 = Release|x64
		{75740C85-0DF3-44B1-AC2B-D6F1FDEFA337}.Debug|x64.ActiveCfg = Debug|x64
		{75740C85-0DF3-44B1-AC2B-D6F1FDEFA337}.Debug|x64.Build.0 = Debug|x64
		{75740C85-0DF3-44B1-AC2B-D6F1FDEFA337}.Release|x64.ActiveCfg = Release|x64
		{75740C85-0DF3-44B1-AC2B-D6F1FDEFA337}.Release|x64.Build.0 = Release|x64
		{17C98F4B-91BE-4D6C-8EA1-7037992A19B3}.Debug|x64.ActiveCfg = Debug|x64
		{17C98F4B-91BE-4D6C-8EA1-7037992A19B3}.Debug|x64.Build.0 = Debug|x64
		{17C98F4B-91BE-4D6C-8EA1-7037992A19B3}.Release|x64.ActiveCfg = Release|x64
		{17C98F4B-91BE-4D6C-8EA1-7037992A19B3}.Release|x64.Build.0 = Release|x64
		{1AFB29FF-A508-4251-8A1C-21107615C230}.Debug|x64.ActiveCfg = Debug|x64
		{1AFB29FF-A508-4251-8A1C-21107615C230}.Debug|x64.Build.0 = Debug|x64
		{1AFB29FF-A508-4251-8A1C-21107615C230}.Release|x64.ActiveCfg = Release|x64
		{1AFB29FF-A508-4251-8A1C-21107615C230}.Release|x64.Build.0 = Release|x64
		{FCD5CADD-0170-4AEB-999B-A5D42D99BB08}.Debug|x64.ActiveCfg = Debug|x64
		{FCD5CADD-0170-4AEB-999B-A5D42D99BB08}.Debug|x64.Build.0 = Debug|x64
		{FCD5CADD-0170-4AEB-999B-A5D42D99BB08}.Release|x64.ActiveCfg = Release|x64
		{FCD5CADD-0170-4AEB-999B-A5D42D99BB08}.Release|x64.Build.0 = Release|x64
		{246877CB-9F09-4048-BCBD-E94C03A4CA4D}.Debug|x64.ActiveCfg = Debug|x64
		{246877CB-9F09-4048-BCBD-E94C03A4CA4D}.Debug|x64.Build.0 = Debug|x64
		{246877CB-9F09-4048-BCBD-E94C03A4CA4D}.Release|x64.ActiveCfg = Release|x64
		{246877CB-9F09-4048-BCBD-E94C03A4CA4D}.Release|x64.Build.0 = Release|x64
		{57663220-5E15-4009-92E8-65F60806A5A9}.Debug|x64.ActiveCfg = Debug|x64
		{57663220-5E15-4009-92E8-65F60806A5A9}.Debug|x64.Build.0 = Debug|x64
		{57663220-5E15-4009-92E8-65F60806A5A9}.Release|x64.ActiveCfg = Release|x64
		{57663220-5E15-4009-92E8-65F60806A5A9}.Release|x64.Build.0 = Release|x64
	EndGlobalSection
	GlobalSection(SolutionProperties) = preSolution
		HideSolutionNode = FALSE
	EndGlobalSection
	GlobalSection(ExtensibilityGlobals) = postSolution
		SolutionGuid = {E343B3D3-B706-4DDB-A5B3-1A589220CB57}
	EndGlobalSection
EndGlobal
