<?xml version="1.0" encoding="utf-8"?>
<Project ToolsVersion="4.0" xmlns="http://schemas.microsoft.com/developer/msbuild/2003">
  <ItemGroup>
    <Filter Include="Archivos de origen">
      <UniqueIdentifier>{4FC737F1-C7A5-4376-A066-2A32D752A2FF}</UniqueIdentifier>
      <Extensions>cpp;c;cc;cxx;c++;cppm;ixx;def;odl;idl;hpj;bat;asm;asmx</Extensions>
    </Filter>
    <Filter Include="Archivos de encabezado">
      <UniqueIdentifier>{93995380-89BD-4b04-88EB-625FBE52EBFB}</UniqueIdentifier>
      <Extensions>h;hh;hpp;hxx;h++;hm;inl;inc;ipp;xsd</Extensions>
    </Filter>
    <Filter Include="Archivos de recursos">
      <UniqueIdentifier>{67DA6AB6-F800-4c08-8B7A-83BB121AAD01}</UniqueIdentifier>
      <Extensions>rc;ico;cur;bmp;dlg;rc2;rct;bin;rgs;gif;jpg;jpeg;jpe;resx;tiff;tif;png;wav;mfcribbon-ms</Extensions>
    </Filter>
    <Filter Include="Components">
      <UniqueIdentifier>{3c4d13e1-e336-452d-8026-78ad2c3bcf33}</UniqueIdentifier>
    </Filter>
    <Filter Include="Components\Source">
      <UniqueIdentifier>{c49f257d-c02f-4b4f-8705-81850763ad27}</UniqueIdentifier>
    </Filter>
    <Filter Include="Components\Menu">
      <UniqueIdentifier>{5c7f8e43-ff5f-4578-abcf-1fc368512776}</UniqueIdentifier>
    </Filter>
    <Filter Include="Components\Menu\Source">
      <UniqueIdentifier>{c49ad880-8747-4d97-89bf-77ab784c6766}</UniqueIdentifier>
    </Filter>
  </ItemGroup>
  <ItemGroup>
    <ClCompile Include="..\..\src\Game\Components\ComponenteDeContar.cpp">
      <Filter>Components\Source</Filter>
    </ClCompile>
    <ClCompile Include="..\..\src\ComponentDefinition.cpp">
      <Filter>Archivos de origen</Filter>
    </ClCompile>
    <ClCompile Include="..\..\src\Game\Components\ComportamientoBoss.cpp">
      <Filter>Components\Source</Filter>
    </ClCompile>
    <ClCompile Include="..\..\src\Game\Components\MovimientoJugador.cpp">
      <Filter>Components\Source</Filter>
    </ClCompile>
    <ClCompile Include="..\..\src\Game\Components\CamFollow.cpp">
      <Filter>Components\Source</Filter>
    </ClCompile>
    <ClCompile Include="..\..\src\Game\Components\CamRotate.cpp">
      <Filter>Components\Source</Filter>
    </ClCompile>
    <ClCompile Include="..\..\src\Game\Components\EfectoEscenario.cpp">
      <Filter>Components\Source</Filter>
    </ClCompile>
    <ClCompile Include="..\..\src\Game\Components\Conversation.cpp">
      <Filter>Components\Menu\Source</Filter>
    </ClCompile>
    <ClCompile Include="..\..\src\Game\Components\DeadMenu.cpp">
      <Filter>Components\Menu\Source</Filter>
    </ClCompile>
    <ClCompile Include="..\..\src\Game\Components\MainMenu.cpp">
      <Filter>Components\Menu\Source</Filter>
    </ClCompile>
    <ClCompile Include="..\..\src\Game\Components\PauseGame.cpp">
      <Filter>Components\Menu\Source</Filter>
    </ClCompile>
    <ClCompile Include="..\..\src\Game\Components\PauseMenu.cpp">
      <Filter>Components\Menu\Source</Filter>
    </ClCompile>
    <ClCompile Include="..\..\src\Game\Components\ShowText.cpp">
      <Filter>Components\Menu\Source</Filter>
    </ClCompile>
    <ClCompile Include="..\..\src\Game\Components\DeadZone.cpp">
      <Filter>Components\Source</Filter>
    </ClCompile>
    <ClCompile Include="..\..\src\Game\Components\Transition.cpp">
      <Filter>Components\Menu\Source</Filter>
    </ClCompile>
    <ClCompile Include="..\..\src\Game\Components\Bullet.cpp">
      <Filter>Components\Source</Filter>
    </ClCompile>
    <ClCompile Include="..\..\src\Game\Components\MoveUI.cpp">
      <Filter>Components\Menu\Source</Filter>
    </ClCompile>
    <ClCompile Include="..\..\src\Game\Components\AtaqueJugador.cpp">
      <Filter>Components\Source</Filter>
    </ClCompile>
    <ClCompile Include="..\..\src\Game\Components\ScaleMainMenuButton.cpp">
      <Filter>Components\Menu\Source</Filter>
    </ClCompile>
    <ClCompile Include="..\..\src\Game\Components\Stamina.cpp">
      <Filter>Components\Source</Filter>
    </ClCompile>
    <ClCompile Include="..\..\src\Game\Components\BossMelee.cpp">
      <Filter>Components\Source</Filter>
    </ClCompile>
    <ClCompile Include="..\..\src\Game\Components\BossDistancia.cpp">
      <Filter>Components\Source</Filter>
    </ClCompile>
    <ClCompile Include="..\..\Src\Game\Components\BulletGenerator.cpp">
      <Filter>Components\Source</Filter>
    </ClCompile>
    <ClCompile Include="..\..\src\Game\Components\Salud.cpp">
      <Filter>Components\Source</Filter>
    </ClCompile>
    <ClCompile Include="..\..\Src\Game\Components\Settings.cpp">
      <Filter>Components\Menu\Source</Filter>
    </ClCompile>
    <ClCompile Include="..\..\Src\Game\Components\ScrollContainer.cpp">
      <Filter>Components\Menu\Source</Filter>
    </ClCompile>
    <ClCompile Include="..\..\Src\Game\Components\Interactable.cpp">
      <Filter>Components\Source</Filter>
    </ClCompile>
    <ClCompile Include="..\..\Src\Game\Components\Shop.cpp">
      <Filter>Components\Source</Filter>
    </ClCompile>
    <ClCompile Include="..\..\Src\Game\Components\ShopInteract.cpp">
      <Filter>Components\Source</Filter>
    </ClCompile>
    <ClCompile Include="..\..\Src\Game\Components\BossDialog.cpp">
      <Filter>Components\Source</Filter>
    </ClCompile>
  </ItemGroup>
  <ItemGroup>
    <ClInclude Include="..\..\src\Game\Components\ComponenteDeContar.h">
      <Filter>Components</Filter>
    </ClInclude>
    <ClInclude Include="..\..\src\Game\Components\ComportamientoBoss.h">
      <Filter>Components</Filter>
    </ClInclude>
    <ClInclude Include="..\..\src\Game\Components\MovimientoJugador.h">
      <Filter>Components</Filter>
    </ClInclude>
    <ClInclude Include="..\..\src\ComponentDefinition.h">
      <Filter>Archivos de encabezado</Filter>
    </ClInclude>
    <ClInclude Include="..\..\src\Game\Components\CamFollow.h">
      <Filter>Components</Filter>
    </ClInclude>
    <ClInclude Include="..\..\src\Game\Components\CamRotate.h">
      <Filter>Components</Filter>
    </ClInclude>
    <ClInclude Include="..\..\src\Game\Components\DeadZone.h">
      <Filter>Components</Filter>
    </ClInclude>
    <ClInclude Include="..\..\src\Game\Components\EfectoEscenario.h">
      <Filter>Components</Filter>
    </ClInclude>
    <ClInclude Include="..\..\src\Game\Definitions.h">
      <Filter>Archivos de encabezado</Filter>
    </ClInclude>
    <ClInclude Include="..\..\src\Game\Components\DeadMenu.h">
      <Filter>Components\Menu</Filter>
    </ClInclude>
    <ClInclude Include="..\..\src\Game\Components\MainMenu.h">
      <Filter>Components\Menu</Filter>
    </ClInclude>
    <ClInclude Include="..\..\src\Game\Components\PauseMenu.h">
      <Filter>Components\Menu</Filter>
    </ClInclude>
    <ClInclude Include="..\..\src\Game\Components\PauseGame.h">
      <Filter>Components\Menu</Filter>
    </ClInclude>
    <ClInclude Include="..\..\src\Game\Components\ShowText.h">
      <Filter>Components\Menu</Filter>
    </ClInclude>
    <ClInclude Include="..\..\src\Game\Components\Conversation.h">
      <Filter>Components\Menu</Filter>
    </ClInclude>
    <ClInclude Include="..\..\src\Game\Components\Transition.h">
      <Filter>Components\Menu</Filter>
    </ClInclude>
    <ClInclude Include="..\..\src\Game\Components\Bullet.h">
      <Filter>Components</Filter>
    </ClInclude>
    <ClInclude Include="..\..\src\Game\Components\MoveUI.h">
      <Filter>Components\Menu</Filter>
    </ClInclude>
    <ClInclude Include="..\..\src\Game\Components\AtaqueJugador.h">
      <Filter>Components</Filter>
    </ClInclude>
    <ClInclude Include="..\..\src\Game\Components\ScaleMainMenuButton.h">
      <Filter>Components\Menu</Filter>
    </ClInclude>
    <ClInclude Include="..\..\src\Game\Components\Stamina.h">
      <Filter>Components</Filter>
    </ClInclude>
    <ClInclude Include="..\..\src\Game\Components\BossMelee.h">
      <Filter>Components</Filter>
    </ClInclude>
    <ClInclude Include="..\..\src\Game\Components\BossDistancia.h">
      <Filter>Components</Filter>
    </ClInclude>
    <ClInclude Include="..\..\Src\Game\Components\BulletGenerator.h">
      <Filter>Components</Filter>
    </ClInclude>
    <ClInclude Include="..\..\src\Game\Components\Salud.h">
      <Filter>Components</Filter>
    </ClInclude>
    <ClInclude Include="..\..\Src\Game\Components\Settings.h">
      <Filter>Components\Menu</Filter>
    </ClInclude>
    <ClInclude Include="..\..\Src\Game\Components\ScrollContainer.h">
      <Filter>Components\Menu</Filter>
    </ClInclude>
    <ClInclude Include="..\..\Src\Game\Components\Interactable.h">
      <Filter>Components</Filter>
    </ClInclude>
    <ClInclude Include="..\..\Src\Game\Components\Shop.h">
      <Filter>Components</Filter>
    </ClInclude>
    <ClInclude Include="..\..\Src\Game\Components\ShopInteract.h">
      <Filter>Components</Filter>
    </ClInclude>
    <ClInclude Include="..\..\Src\Game\Components\BossDialog.h">
      <Filter>Components</Filter>
    </ClInclude>
  </ItemGroup>
</Project>