<?xml version="1.0" encoding="utf-8"?>
<Project ToolsVersion="4.0" xmlns="http://schemas.microsoft.com/developer/msbuild/2003">
  <ItemGroup>
    <Filter Include="Archivos de origen">
      <UniqueIdentifier>{4FC737F1-C7A5-4376-A066-2A32D752A2FF}</UniqueIdentifier>
      <Extensions>cpp;c;cc;cxx;c++;cppm;ixx;def;odl;idl;hpj;bat;asm;asmx</Extensions>
    </Filter>
    <Filter Include="Archivos de encabezado">
      <UniqueIdentifier>{93995380-89BD-4b04-88EB-625FBE52EBFB}</UniqueIdentifier>
      <Extensions>h;hh;hpp;hxx;h++;hm;inl;inc;ipp;xsd</Extensions>
    </Filter>
    <Filter Include="Archivos de recursos">
      <UniqueIdentifier>{67DA6AB6-F800-4c08-8B7A-83BB121AAD01}</UniqueIdentifier>
      <Extensions>rc;ico;cur;bmp;dlg;rc2;rct;bin;rgs;gif;jpg;jpeg;jpe;resx;tiff;tif;png;wav;mfcribbon-ms</Extensions>
    </Filter>
    <Filter Include="Components">
      <UniqueIdentifier>{3c4d13e1-e336-452d-8026-78ad2c3bcf33}</UniqueIdentifier>
    </Filter>
    <Filter Include="Components\Source">
      <UniqueIdentifier>{c49f257d-c02f-4b4f-8705-81850763ad27}</UniqueIdentifier>
    </Filter>
  </ItemGroup>
  <ItemGroup>
    <ClCompile Include="..\Src\Game\Components\ComponenteDeContar.cpp">
      <Filter>Components\Source</Filter>
    </ClCompile>
    <ClCompile Include="..\Src\ComponentDefinition.cpp">
      <Filter>Archivos de origen</Filter>
    </ClCompile>
    <ClCompile Include="..\Src\Game\Components\ComportamientoBoss.cpp">
      <Filter>Components\Source</Filter>
    </ClCompile>
    <ClCompile Include="..\Src\Game\Components\SaludJugador.cpp">
      <Filter>Components\Source</Filter>
    </ClCompile>
    <ClCompile Include="..\Src\Game\Components\MovimientoJugador.cpp">
      <Filter>Components\Source</Filter>
    </ClCompile>
    <ClCompile Include="..\Src\Game\Components\MainMenu.cpp">
      <Filter>Components\Source</Filter>
    </ClCompile>
    <ClCompile Include="..\Src\Game\Components\CamFollow.cpp">
      <Filter>Components\Source</Filter>
    </ClCompile>
    <ClCompile Include="..\Src\Game\Components\CamRotate.cpp">
      <Filter>Components\Source</Filter>
    </ClCompile>
    <ClCompile Include="..\Src\Game\Components\ShowText.cpp">
      <Filter>Components\Source</Filter>
    </ClCompile>
    <ClCompile Include="..\Src\Game\Components\DeadZone.cpp">
      <Filter>Components\Source</Filter>
    </ClCompile>
    <ClCompile Include="..\Src\Game\Components\EfectoEscenario.cpp">
      <Filter>Components\Source</Filter>
    </ClCompile>
  </ItemGroup>
  <ItemGroup>
    <ClInclude Include="..\Src\Game\Components\ComponenteDeContar.h">
      <Filter>Components</Filter>
    </ClInclude>
    <ClInclude Include="..\Src\Game\Components\ComportamientoBoss.h">
      <Filter>Components</Filter>
    </ClInclude>
    <ClInclude Include="..\Src\Game\Components\SaludJugador.h">
      <Filter>Components</Filter>
    </ClInclude>
    <ClInclude Include="..\Src\Game\Components\MovimientoJugador.h">
      <Filter>Components</Filter>
    </ClInclude>
    <ClInclude Include="..\Src\ComponentDefinition.h">
      <Filter>Archivos de encabezado</Filter>
    </ClInclude>
    <ClInclude Include="..\Src\Game\Components\MainMenu.h">
      <Filter>Components</Filter>
    </ClInclude>
    <ClInclude Include="..\Src\Game\Components\CamFollow.h">
      <Filter>Components</Filter>
    </ClInclude>
    <ClInclude Include="..\Src\Game\Components\CamRotate.h">
      <Filter>Components</Filter>
    </ClInclude>
    <ClInclude Include="..\Src\Game\Components\ShowText.h">
      <Filter>Components</Filter>
    </ClInclude>
    <ClInclude Include="..\Src\Game\Components\DeadZone.h">
      <Filter>Components</Filter>
    </ClInclude>
    <ClInclude Include="..\Src\Game\Components\EfectoEscenario.h">
      <Filter>Components</Filter>
    </ClInclude>
  </ItemGroup>
</Project>